// !$*UTF8*$!
{
	archiveVersion = 1;
	classes = {
	};
	objectVersion = 46;
	objects = {

/* Begin PBXBuildFile section */
		0A1443BB1F747BD408D696F2 /* libPods-CopyLikeMonkey.a in Frameworks */ = {isa = PBXBuildFile; fileRef = C195B7A651B626E39AD8FD6B /* libPods-CopyLikeMonkey.a */; };
		A0172EA41E77B63C007A94BC /* SecondTableViewController.m in Sources */ = {isa = PBXBuildFile; fileRef = A0172EA31E77B63C007A94BC /* SecondTableViewController.m */; };
		A0172EA71E791355007A94BC /* RepoTableViewCell.m in Sources */ = {isa = PBXBuildFile; fileRef = A0172EA61E791355007A94BC /* RepoTableViewCell.m */; };
		A0172EAD1E791BC0007A94BC /* RepositoryModel.m in Sources */ = {isa = PBXBuildFile; fileRef = A0172EAC1E791BC0007A94BC /* RepositoryModel.m */; };
		A0172EB01E7A1A27007A94BC /* ThirdViewController.m in Sources */ = {isa = PBXBuildFile; fileRef = A0172EAF1E7A1A27007A94BC /* ThirdViewController.m */; };
		A0172EB31E7A293D007A94BC /* FourthViewController.m in Sources */ = {isa = PBXBuildFile; fileRef = A0172EB21E7A293D007A94BC /* FourthViewController.m */; };
		A0172EB61E7A5AFA007A94BC /* RankDetailViewController.m in Sources */ = {isa = PBXBuildFile; fileRef = A0172EB51E7A5AFA007A94BC /* RankDetailViewController.m */; };
		A0172EB91E7A7C0A007A94BC /* DetailSegmentControll.m in Sources */ = {isa = PBXBuildFile; fileRef = A0172EB81E7A7C0A007A94BC /* DetailSegmentControll.m */; };
		A018E8651E80FE9900359796 /* RepositoriesDetailControllerViewController.m in Sources */ = {isa = PBXBuildFile; fileRef = A018E8641E80FE9900359796 /* RepositoriesDetailControllerViewController.m */; };
		A018E8681E811BFA00359796 /* HttpHandler.m in Sources */ = {isa = PBXBuildFile; fileRef = A018E8671E811BFA00359796 /* HttpHandler.m */; };
		A018E86B1E835E1D00359796 /* TrendingViewController.m in Sources */ = {isa = PBXBuildFile; fileRef = A018E86A1E835E1D00359796 /* TrendingViewController.m */; };
		A018E86E1E83AA5000359796 /* BaseRequestViewController.m in Sources */ = {isa = PBXBuildFile; fileRef = A018E86D1E83AA5000359796 /* BaseRequestViewController.m */; };
		A018E8711E83ACCD00359796 /* ShowCaseViewController.m in Sources */ = {isa = PBXBuildFile; fileRef = A018E8701E83ACCD00359796 /* ShowCaseViewController.m */; };
		A018E8741E83AFC300359796 /* ShowcasesModel.m in Sources */ = {isa = PBXBuildFile; fileRef = A018E8731E83AFC300359796 /* ShowcasesModel.m */; };
		A018E8771E83BAB500359796 /* ShowCaseViewCellTableViewCell.m in Sources */ = {isa = PBXBuildFile; fileRef = A018E8761E83BAB500359796 /* ShowCaseViewCellTableViewCell.m */; };
		A05832001E72396E0076E130 /* UIRankDataSource.m in Sources */ = {isa = PBXBuildFile; fileRef = A05831FF1E72396E0076E130 /* UIRankDataSource.m */; };
		A07331B31E8B3D5000031A35 /* SearchViewController.m in Sources */ = {isa = PBXBuildFile; fileRef = A07331B21E8B3D5000031A35 /* SearchViewController.m */; };
		A07A7EAC1E766E0C00AA893B /* CityViewController.m in Sources */ = {isa = PBXBuildFile; fileRef = A07A7EAB1E766E0C00AA893B /* CityViewController.m */; };
		A07A7EAF1E766E1B00AA893B /* LanguageViewController.m in Sources */ = {isa = PBXBuildFile; fileRef = A07A7EAE1E766E1B00AA893B /* LanguageViewController.m */; };
		A07A7EB21E76715900AA893B /* ContryTableViewController.m in Sources */ = {isa = PBXBuildFile; fileRef = A07A7EB11E76715900AA893B /* ContryTableViewController.m */; };
		A0800BA31E7AB7170020CB3F /* HttpKit.m in Sources */ = {isa = PBXBuildFile; fileRef = A0800BA21E7AB7170020CB3F /* HttpKit.m */; };
		A0A3DC581E6E8EF900733D95 /* main.m in Sources */ = {isa = PBXBuildFile; fileRef = A0A3DC571E6E8EF900733D95 /* main.m */; };
		A0A3DC5B1E6E8EF900733D95 /* AppDelegate.m in Sources */ = {isa = PBXBuildFile; fileRef = A0A3DC5A1E6E8EF900733D95 /* AppDelegate.m */; };
		A0A3DC5E1E6E8EF900733D95 /* ViewController.m in Sources */ = {isa = PBXBuildFile; fileRef = A0A3DC5D1E6E8EF900733D95 /* ViewController.m */; };
		A0A3DC611E6E8EF900733D95 /* Main.storyboard in Resources */ = {isa = PBXBuildFile; fileRef = A0A3DC5F1E6E8EF900733D95 /* Main.storyboard */; };
		A0A3DC641E6E8EF900733D95 /* CopyLikeMonkey.xcdatamodeld in Sources */ = {isa = PBXBuildFile; fileRef = A0A3DC621E6E8EF900733D95 /* CopyLikeMonkey.xcdatamodeld */; };
		A0A3DC661E6E8EF900733D95 /* Assets.xcassets in Resources */ = {isa = PBXBuildFile; fileRef = A0A3DC651E6E8EF900733D95 /* Assets.xcassets */; };
		A0A3DC691E6E8EF900733D95 /* LaunchScreen.storyboard in Resources */ = {isa = PBXBuildFile; fileRef = A0A3DC671E6E8EF900733D95 /* LaunchScreen.storyboard */; };
		A0A3DC7E1E6E995000733D95 /* MainController.m in Sources */ = {isa = PBXBuildFile; fileRef = A0A3DC7D1E6E995000733D95 /* MainController.m */; };
		A0A3DC851E6EDB5200733D95 /* FirstTableViewController.m in Sources */ = {isa = PBXBuildFile; fileRef = A0A3DC841E6EDB5200733D95 /* FirstTableViewController.m */; };
		A0A3DC891E6F8A9000733D95 /* FirstTableViewCell.m in Sources */ = {isa = PBXBuildFile; fileRef = A0A3DC881E6F8A9000733D95 /* FirstTableViewCell.m */; };
		A0BF979A1E89F10200365934 /* ShowCaseDetailControllerViewController.m in Sources */ = {isa = PBXBuildFile; fileRef = A0BF97991E89F10200365934 /* ShowCaseDetailControllerViewController.m */; };
		A0FEC5951E6FDEE800D90D34 /* TestObject.m in Sources */ = {isa = PBXBuildFile; fileRef = A0FEC5941E6FDEE800D90D34 /* TestObject.m */; };
		A0FEC5981E6FF10600D90D34 /* UserModel.m in Sources */ = {isa = PBXBuildFile; fileRef = A0FEC5971E6FF10600D90D34 /* UserModel.m */; };
		A0FEC59F1E6FF2BF00D90D34 /* NSObject+HUD.m in Sources */ = {isa = PBXBuildFile; fileRef = A0FEC59C1E6FF2BF00D90D34 /* NSObject+HUD.m */; };
		A0FEC5A01E6FF2BF00D90D34 /* NSObject+JudgeNull.m in Sources */ = {isa = PBXBuildFile; fileRef = A0FEC59E1E6FF2BF00D90D34 /* NSObject+JudgeNull.m */; };
		A0FEC5A81E70DFE000D90D34 /* down@2x.png in Resources */ = {isa = PBXBuildFile; fileRef = A0FEC5A31E70DFE000D90D34 /* down@2x.png */; };
		A0FEC5A91E70DFE000D90D34 /* YiRefreshFooter.m in Sources */ = {isa = PBXBuildFile; fileRef = A0FEC5A51E70DFE000D90D34 /* YiRefreshFooter.m */; };
		A0FEC5AA1E70DFE000D90D34 /* YiRefreshHeader.m in Sources */ = {isa = PBXBuildFile; fileRef = A0FEC5A71E70DFE000D90D34 /* YiRefreshHeader.m */; };
		A0FEC5AD1E71320000D90D34 /* HeaderSegmentControl.m in Sources */ = {isa = PBXBuildFile; fileRef = A0FEC5AC1E7131FF00D90D34 /* HeaderSegmentControl.m */; };
/* End PBXBuildFile section */

/* Begin PBXFileReference section */
		4D560BD65BB81934912069EF /* Pods-CopyLikeMonkey.debug.xcconfig */ = {isa = PBXFileReference; includeInIndex = 1; lastKnownFileType = text.xcconfig; name = "Pods-CopyLikeMonkey.debug.xcconfig"; path = "Pods/Target Support Files/Pods-CopyLikeMonkey/Pods-CopyLikeMonkey.debug.xcconfig"; sourceTree = "<group>"; };
		64EFD80F85AFCDF5D5D37FB2 /* Pods-CopyLikeMonkey.release.xcconfig */ = {isa = PBXFileReference; includeInIndex = 1; lastKnownFileType = text.xcconfig; name = "Pods-CopyLikeMonkey.release.xcconfig"; path = "Pods/Target Support Files/Pods-CopyLikeMonkey/Pods-CopyLikeMonkey.release.xcconfig"; sourceTree = "<group>"; };
		A0172EA21E77B63C007A94BC /* SecondTableViewController.h */ = {isa = PBXFileReference; fileEncoding = 4; lastKnownFileType = sourcecode.c.h; path = SecondTableViewController.h; sourceTree = "<group>"; };
		A0172EA31E77B63C007A94BC /* SecondTableViewController.m */ = {isa = PBXFileReference; fileEncoding = 4; lastKnownFileType = sourcecode.c.objc; path = SecondTableViewController.m; sourceTree = "<group>"; };
		A0172EA51E791355007A94BC /* RepoTableViewCell.h */ = {isa = PBXFileReference; fileEncoding = 4; lastKnownFileType = sourcecode.c.h; path = RepoTableViewCell.h; sourceTree = "<group>"; };
		A0172EA61E791355007A94BC /* RepoTableViewCell.m */ = {isa = PBXFileReference; fileEncoding = 4; lastKnownFileType = sourcecode.c.objc; path = RepoTableViewCell.m; sourceTree = "<group>"; };
		A0172EAB1E791BC0007A94BC /* RepositoryModel.h */ = {isa = PBXFileReference; fileEncoding = 4; lastKnownFileType = sourcecode.c.h; path = RepositoryModel.h; sourceTree = "<group>"; };
		A0172EAC1E791BC0007A94BC /* RepositoryModel.m */ = {isa = PBXFileReference; fileEncoding = 4; lastKnownFileType = sourcecode.c.objc; path = RepositoryModel.m; sourceTree = "<group>"; };
		A0172EAE1E7A1A27007A94BC /* ThirdViewController.h */ = {isa = PBXFileReference; fileEncoding = 4; lastKnownFileType = sourcecode.c.h; path = ThirdViewController.h; sourceTree = "<group>"; };
		A0172EAF1E7A1A27007A94BC /* ThirdViewController.m */ = {isa = PBXFileReference; fileEncoding = 4; lastKnownFileType = sourcecode.c.objc; path = ThirdViewController.m; sourceTree = "<group>"; };
		A0172EB11E7A293D007A94BC /* FourthViewController.h */ = {isa = PBXFileReference; fileEncoding = 4; lastKnownFileType = sourcecode.c.h; path = FourthViewController.h; sourceTree = "<group>"; };
		A0172EB21E7A293D007A94BC /* FourthViewController.m */ = {isa = PBXFileReference; fileEncoding = 4; lastKnownFileType = sourcecode.c.objc; path = FourthViewController.m; sourceTree = "<group>"; };
		A0172EB41E7A5AFA007A94BC /* RankDetailViewController.h */ = {isa = PBXFileReference; fileEncoding = 4; lastKnownFileType = sourcecode.c.h; path = RankDetailViewController.h; sourceTree = "<group>"; };
		A0172EB51E7A5AFA007A94BC /* RankDetailViewController.m */ = {isa = PBXFileReference; fileEncoding = 4; lastKnownFileType = sourcecode.c.objc; path = RankDetailViewController.m; sourceTree = "<group>"; };
		A0172EB71E7A7C0A007A94BC /* DetailSegmentControll.h */ = {isa = PBXFileReference; fileEncoding = 4; lastKnownFileType = sourcecode.c.h; path = DetailSegmentControll.h; sourceTree = "<group>"; };
		A0172EB81E7A7C0A007A94BC /* DetailSegmentControll.m */ = {isa = PBXFileReference; fileEncoding = 4; lastKnownFileType = sourcecode.c.objc; path = DetailSegmentControll.m; sourceTree = "<group>"; };
		A018E8631E80FE9900359796 /* RepositoriesDetailControllerViewController.h */ = {isa = PBXFileReference; fileEncoding = 4; lastKnownFileType = sourcecode.c.h; path = RepositoriesDetailControllerViewController.h; sourceTree = "<group>"; };
		A018E8641E80FE9900359796 /* RepositoriesDetailControllerViewController.m */ = {isa = PBXFileReference; fileEncoding = 4; lastKnownFileType = sourcecode.c.objc; path = RepositoriesDetailControllerViewController.m; sourceTree = "<group>"; };
		A018E8661E811BFA00359796 /* HttpHandler.h */ = {isa = PBXFileReference; fileEncoding = 4; lastKnownFileType = sourcecode.c.h; path = HttpHandler.h; sourceTree = "<group>"; };
		A018E8671E811BFA00359796 /* HttpHandler.m */ = {isa = PBXFileReference; fileEncoding = 4; lastKnownFileType = sourcecode.c.objc; path = HttpHandler.m; sourceTree = "<group>"; };
		A018E8691E835E1D00359796 /* TrendingViewController.h */ = {isa = PBXFileReference; fileEncoding = 4; lastKnownFileType = sourcecode.c.h; path = TrendingViewController.h; sourceTree = "<group>"; };
		A018E86A1E835E1D00359796 /* TrendingViewController.m */ = {isa = PBXFileReference; fileEncoding = 4; lastKnownFileType = sourcecode.c.objc; path = TrendingViewController.m; sourceTree = "<group>"; };
		A018E86C1E83AA5000359796 /* BaseRequestViewController.h */ = {isa = PBXFileReference; fileEncoding = 4; lastKnownFileType = sourcecode.c.h; path = BaseRequestViewController.h; sourceTree = "<group>"; };
		A018E86D1E83AA5000359796 /* BaseRequestViewController.m */ = {isa = PBXFileReference; fileEncoding = 4; lastKnownFileType = sourcecode.c.objc; path = BaseRequestViewController.m; sourceTree = "<group>"; };
		A018E86F1E83ACCD00359796 /* ShowCaseViewController.h */ = {isa = PBXFileReference; fileEncoding = 4; lastKnownFileType = sourcecode.c.h; path = ShowCaseViewController.h; sourceTree = "<group>"; };
		A018E8701E83ACCD00359796 /* ShowCaseViewController.m */ = {isa = PBXFileReference; fileEncoding = 4; lastKnownFileType = sourcecode.c.objc; path = ShowCaseViewController.m; sourceTree = "<group>"; };
		A018E8721E83AFC300359796 /* ShowcasesModel.h */ = {isa = PBXFileReference; fileEncoding = 4; lastKnownFileType = sourcecode.c.h; path = ShowcasesModel.h; sourceTree = "<group>"; };
		A018E8731E83AFC300359796 /* ShowcasesModel.m */ = {isa = PBXFileReference; fileEncoding = 4; lastKnownFileType = sourcecode.c.objc; path = ShowcasesModel.m; sourceTree = "<group>"; };
		A018E8751E83BAB500359796 /* ShowCaseViewCellTableViewCell.h */ = {isa = PBXFileReference; fileEncoding = 4; lastKnownFileType = sourcecode.c.h; path = ShowCaseViewCellTableViewCell.h; sourceTree = "<group>"; };
		A018E8761E83BAB500359796 /* ShowCaseViewCellTableViewCell.m */ = {isa = PBXFileReference; fileEncoding = 4; lastKnownFileType = sourcecode.c.objc; path = ShowCaseViewCellTableViewCell.m; sourceTree = "<group>"; };
		A05831FE1E72396E0076E130 /* UIRankDataSource.h */ = {isa = PBXFileReference; fileEncoding = 4; lastKnownFileType = sourcecode.c.h; path = UIRankDataSource.h; sourceTree = "<group>"; };
		A05831FF1E72396E0076E130 /* UIRankDataSource.m */ = {isa = PBXFileReference; fileEncoding = 4; lastKnownFileType = sourcecode.c.objc; path = UIRankDataSource.m; sourceTree = "<group>"; };
		A07331B11E8B3D5000031A35 /* SearchViewController.h */ = {isa = PBXFileReference; fileEncoding = 4; lastKnownFileType = sourcecode.c.h; path = SearchViewController.h; sourceTree = "<group>"; };
		A07331B21E8B3D5000031A35 /* SearchViewController.m */ = {isa = PBXFileReference; fileEncoding = 4; lastKnownFileType = sourcecode.c.objc; path = SearchViewController.m; sourceTree = "<group>"; };
		A07A7EAA1E766E0C00AA893B /* CityViewController.h */ = {isa = PBXFileReference; fileEncoding = 4; lastKnownFileType = sourcecode.c.h; path = CityViewController.h; sourceTree = "<group>"; };
		A07A7EAB1E766E0C00AA893B /* CityViewController.m */ = {isa = PBXFileReference; fileEncoding = 4; lastKnownFileType = sourcecode.c.objc; path = CityViewController.m; sourceTree = "<group>"; };
		A07A7EAD1E766E1B00AA893B /* LanguageViewController.h */ = {isa = PBXFileReference; fileEncoding = 4; lastKnownFileType = sourcecode.c.h; path = LanguageViewController.h; sourceTree = "<group>"; };
		A07A7EAE1E766E1B00AA893B /* LanguageViewController.m */ = {isa = PBXFileReference; fileEncoding = 4; lastKnownFileType = sourcecode.c.objc; path = LanguageViewController.m; sourceTree = "<group>"; };
		A07A7EB01E76715900AA893B /* ContryTableViewController.h */ = {isa = PBXFileReference; fileEncoding = 4; lastKnownFileType = sourcecode.c.h; path = ContryTableViewController.h; sourceTree = "<group>"; };
		A07A7EB11E76715900AA893B /* ContryTableViewController.m */ = {isa = PBXFileReference; fileEncoding = 4; lastKnownFileType = sourcecode.c.objc; path = ContryTableViewController.m; sourceTree = "<group>"; };
		A0800BA11E7AB7170020CB3F /* HttpKit.h */ = {isa = PBXFileReference; fileEncoding = 4; lastKnownFileType = sourcecode.c.h; path = HttpKit.h; sourceTree = "<group>"; };
		A0800BA21E7AB7170020CB3F /* HttpKit.m */ = {isa = PBXFileReference; fileEncoding = 4; lastKnownFileType = sourcecode.c.objc; path = HttpKit.m; sourceTree = "<group>"; };
		A0A3DC531E6E8EF900733D95 /* CopyLikeMonkey.app */ = {isa = PBXFileReference; explicitFileType = wrapper.application; includeInIndex = 0; path = CopyLikeMonkey.app; sourceTree = BUILT_PRODUCTS_DIR; };
		A0A3DC571E6E8EF900733D95 /* main.m */ = {isa = PBXFileReference; lastKnownFileType = sourcecode.c.objc; path = main.m; sourceTree = "<group>"; };
		A0A3DC591E6E8EF900733D95 /* AppDelegate.h */ = {isa = PBXFileReference; lastKnownFileType = sourcecode.c.h; path = AppDelegate.h; sourceTree = "<group>"; };
		A0A3DC5A1E6E8EF900733D95 /* AppDelegate.m */ = {isa = PBXFileReference; lastKnownFileType = sourcecode.c.objc; path = AppDelegate.m; sourceTree = "<group>"; };
		A0A3DC5C1E6E8EF900733D95 /* ViewController.h */ = {isa = PBXFileReference; lastKnownFileType = sourcecode.c.h; path = ViewController.h; sourceTree = "<group>"; };
		A0A3DC5D1E6E8EF900733D95 /* ViewController.m */ = {isa = PBXFileReference; lastKnownFileType = sourcecode.c.objc; path = ViewController.m; sourceTree = "<group>"; };
		A0A3DC601E6E8EF900733D95 /* Base */ = {isa = PBXFileReference; lastKnownFileType = file.storyboard; name = Base; path = Base.lproj/Main.storyboard; sourceTree = "<group>"; };
		A0A3DC631E6E8EF900733D95 /* CopyLikeMonkey.xcdatamodel */ = {isa = PBXFileReference; lastKnownFileType = wrapper.xcdatamodel; path = CopyLikeMonkey.xcdatamodel; sourceTree = "<group>"; };
		A0A3DC651E6E8EF900733D95 /* Assets.xcassets */ = {isa = PBXFileReference; lastKnownFileType = folder.assetcatalog; path = Assets.xcassets; sourceTree = "<group>"; };
		A0A3DC681E6E8EF900733D95 /* Base */ = {isa = PBXFileReference; lastKnownFileType = file.storyboard; name = Base; path = Base.lproj/LaunchScreen.storyboard; sourceTree = "<group>"; };
		A0A3DC6A1E6E8EF900733D95 /* Info.plist */ = {isa = PBXFileReference; lastKnownFileType = text.plist.xml; path = Info.plist; sourceTree = "<group>"; };
		A0A3DC7C1E6E995000733D95 /* MainController.h */ = {isa = PBXFileReference; fileEncoding = 4; lastKnownFileType = sourcecode.c.h; path = MainController.h; sourceTree = "<group>"; };
		A0A3DC7D1E6E995000733D95 /* MainController.m */ = {isa = PBXFileReference; fileEncoding = 4; lastKnownFileType = sourcecode.c.objc; path = MainController.m; sourceTree = "<group>"; };
		A0A3DC831E6EDB5200733D95 /* FirstTableViewController.h */ = {isa = PBXFileReference; fileEncoding = 4; lastKnownFileType = sourcecode.c.h; path = FirstTableViewController.h; sourceTree = "<group>"; };
		A0A3DC841E6EDB5200733D95 /* FirstTableViewController.m */ = {isa = PBXFileReference; fileEncoding = 4; lastKnownFileType = sourcecode.c.objc; path = FirstTableViewController.m; sourceTree = "<group>"; };
		A0A3DC871E6F8A9000733D95 /* FirstTableViewCell.h */ = {isa = PBXFileReference; fileEncoding = 4; lastKnownFileType = sourcecode.c.h; path = FirstTableViewCell.h; sourceTree = "<group>"; };
		A0A3DC881E6F8A9000733D95 /* FirstTableViewCell.m */ = {isa = PBXFileReference; fileEncoding = 4; lastKnownFileType = sourcecode.c.objc; path = FirstTableViewCell.m; sourceTree = "<group>"; };
		A0A3DC8B1E6F8E7400733D95 /* PrefixHeader.pch */ = {isa = PBXFileReference; lastKnownFileType = sourcecode.c.h; name = PrefixHeader.pch; path = CopyLikeMonkey/PrefixHeader.pch; sourceTree = "<group>"; };
		A0A3DC8D1E6F8EEB00733D95 /* public.h */ = {isa = PBXFileReference; lastKnownFileType = sourcecode.c.h; path = public.h; sourceTree = "<group>"; };
		A0BF97981E89F10200365934 /* ShowCaseDetailControllerViewController.h */ = {isa = PBXFileReference; fileEncoding = 4; lastKnownFileType = sourcecode.c.h; path = ShowCaseDetailControllerViewController.h; sourceTree = "<group>"; };
		A0BF97991E89F10200365934 /* ShowCaseDetailControllerViewController.m */ = {isa = PBXFileReference; fileEncoding = 4; lastKnownFileType = sourcecode.c.objc; path = ShowCaseDetailControllerViewController.m; sourceTree = "<group>"; };
		A0FEC5931E6FDEE800D90D34 /* TestObject.h */ = {isa = PBXFileReference; fileEncoding = 4; lastKnownFileType = sourcecode.c.h; path = TestObject.h; sourceTree = "<group>"; };
		A0FEC5941E6FDEE800D90D34 /* TestObject.m */ = {isa = PBXFileReference; fileEncoding = 4; lastKnownFileType = sourcecode.c.objc; path = TestObject.m; sourceTree = "<group>"; };
		A0FEC5961E6FF10600D90D34 /* UserModel.h */ = {isa = PBXFileReference; fileEncoding = 4; lastKnownFileType = sourcecode.c.h; path = UserModel.h; sourceTree = "<group>"; };
		A0FEC5971E6FF10600D90D34 /* UserModel.m */ = {isa = PBXFileReference; fileEncoding = 4; lastKnownFileType = sourcecode.c.objc; path = UserModel.m; sourceTree = "<group>"; };
		A0FEC59B1E6FF2BF00D90D34 /* NSObject+HUD.h */ = {isa = PBXFileReference; fileEncoding = 4; lastKnownFileType = sourcecode.c.h; path = "NSObject+HUD.h"; sourceTree = "<group>"; };
		A0FEC59C1E6FF2BF00D90D34 /* NSObject+HUD.m */ = {isa = PBXFileReference; fileEncoding = 4; lastKnownFileType = sourcecode.c.objc; path = "NSObject+HUD.m"; sourceTree = "<group>"; };
		A0FEC59D1E6FF2BF00D90D34 /* NSObject+JudgeNull.h */ = {isa = PBXFileReference; fileEncoding = 4; lastKnownFileType = sourcecode.c.h; path = "NSObject+JudgeNull.h"; sourceTree = "<group>"; };
		A0FEC59E1E6FF2BF00D90D34 /* NSObject+JudgeNull.m */ = {isa = PBXFileReference; fileEncoding = 4; lastKnownFileType = sourcecode.c.objc; path = "NSObject+JudgeNull.m"; sourceTree = "<group>"; };
		A0FEC5A31E70DFE000D90D34 /* down@2x.png */ = {isa = PBXFileReference; lastKnownFileType = image.png; path = "down@2x.png"; sourceTree = "<group>"; };
		A0FEC5A41E70DFE000D90D34 /* YiRefreshFooter.h */ = {isa = PBXFileReference; fileEncoding = 4; lastKnownFileType = sourcecode.c.h; path = YiRefreshFooter.h; sourceTree = "<group>"; };
		A0FEC5A51E70DFE000D90D34 /* YiRefreshFooter.m */ = {isa = PBXFileReference; fileEncoding = 4; lastKnownFileType = sourcecode.c.objc; path = YiRefreshFooter.m; sourceTree = "<group>"; };
		A0FEC5A61E70DFE000D90D34 /* YiRefreshHeader.h */ = {isa = PBXFileReference; fileEncoding = 4; lastKnownFileType = sourcecode.c.h; path = YiRefreshHeader.h; sourceTree = "<group>"; };
		A0FEC5A71E70DFE000D90D34 /* YiRefreshHeader.m */ = {isa = PBXFileReference; fileEncoding = 4; lastKnownFileType = sourcecode.c.objc; path = YiRefreshHeader.m; sourceTree = "<group>"; };
		A0FEC5AB1E7131FF00D90D34 /* HeaderSegmentControl.h */ = {isa = PBXFileReference; fileEncoding = 4; lastKnownFileType = sourcecode.c.h; path = HeaderSegmentControl.h; sourceTree = "<group>"; };
		A0FEC5AC1E7131FF00D90D34 /* HeaderSegmentControl.m */ = {isa = PBXFileReference; fileEncoding = 4; lastKnownFileType = sourcecode.c.objc; path = HeaderSegmentControl.m; sourceTree = "<group>"; };
		C195B7A651B626E39AD8FD6B /* libPods-CopyLikeMonkey.a */ = {isa = PBXFileReference; explicitFileType = archive.ar; includeInIndex = 0; path = "libPods-CopyLikeMonkey.a"; sourceTree = BUILT_PRODUCTS_DIR; };
/* End PBXFileReference section */

/* Begin PBXFrameworksBuildPhase section */
		A0A3DC501E6E8EF900733D95 /* Frameworks */ = {
			isa = PBXFrameworksBuildPhase;
			buildActionMask = 2147483647;
			files = (
				0A1443BB1F747BD408D696F2 /* libPods-CopyLikeMonkey.a in Frameworks */,
			);
			runOnlyForDeploymentPostprocessing = 0;
		};
/* End PBXFrameworksBuildPhase section */

/* Begin PBXGroup section */
		9B2C1967DC119C961DFF4200 /* Pods */ = {
			isa = PBXGroup;
			children = (
				4D560BD65BB81934912069EF /* Pods-CopyLikeMonkey.debug.xcconfig */,
				64EFD80F85AFCDF5D5D37FB2 /* Pods-CopyLikeMonkey.release.xcconfig */,
			);
			name = Pods;
			sourceTree = "<group>";
		};
		A0800BA01E7AB7070020CB3F /* net */ = {
			isa = PBXGroup;
			children = (
				A0800BA11E7AB7170020CB3F /* HttpKit.h */,
				A0800BA21E7AB7170020CB3F /* HttpKit.m */,
				A018E8661E811BFA00359796 /* HttpHandler.h */,
				A018E8671E811BFA00359796 /* HttpHandler.m */,
			);
			path = net;
			sourceTree = "<group>";
		};
		A0A3DC4A1E6E8EF900733D95 = {
			isa = PBXGroup;
			children = (
				A0A3DC8B1E6F8E7400733D95 /* PrefixHeader.pch */,
				A0A3DC551E6E8EF900733D95 /* CopyLikeMonkey */,
				A0A3DC541E6E8EF900733D95 /* Products */,
				9B2C1967DC119C961DFF4200 /* Pods */,
				DD8ECFF927F65DD899CBF346 /* Frameworks */,
			);
			sourceTree = "<group>";
		};
		A0A3DC541E6E8EF900733D95 /* Products */ = {
			isa = PBXGroup;
			children = (
				A0A3DC531E6E8EF900733D95 /* CopyLikeMonkey.app */,
			);
			name = Products;
			sourceTree = "<group>";
		};
		A0A3DC551E6E8EF900733D95 /* CopyLikeMonkey */ = {
			isa = PBXGroup;
			children = (
				A0FEC5A11E70DFE000D90D34 /* vendor */,
				A0FEC5991E6FF2BF00D90D34 /* mokeykit */,
				A0A3DC8C1E6F8ED700733D95 /* config */,
				A0A3DC861E6F8A6C00733D95 /* view */,
				A0A3DC7A1E6E991000733D95 /* moudles */,
				A0A3DC7B1E6E991000733D95 /* controller */,
				A0A3DC591E6E8EF900733D95 /* AppDelegate.h */,
				A0A3DC5A1E6E8EF900733D95 /* AppDelegate.m */,
				A0A3DC5C1E6E8EF900733D95 /* ViewController.h */,
				A0A3DC5D1E6E8EF900733D95 /* ViewController.m */,
				A0A3DC5F1E6E8EF900733D95 /* Main.storyboard */,
				A0A3DC651E6E8EF900733D95 /* Assets.xcassets */,
				A0A3DC671E6E8EF900733D95 /* LaunchScreen.storyboard */,
				A0A3DC6A1E6E8EF900733D95 /* Info.plist */,
				A0A3DC621E6E8EF900733D95 /* CopyLikeMonkey.xcdatamodeld */,
				A0A3DC561E6E8EF900733D95 /* Supporting Files */,
			);
			path = CopyLikeMonkey;
			sourceTree = "<group>";
		};
		A0A3DC561E6E8EF900733D95 /* Supporting Files */ = {
			isa = PBXGroup;
			children = (
				A0A3DC571E6E8EF900733D95 /* main.m */,
			);
			name = "Supporting Files";
			sourceTree = "<group>";
		};
		A0A3DC7A1E6E991000733D95 /* moudles */ = {
			isa = PBXGroup;
			children = (
				A018E8721E83AFC300359796 /* ShowcasesModel.h */,
				A018E8731E83AFC300359796 /* ShowcasesModel.m */,
				A0172EAB1E791BC0007A94BC /* RepositoryModel.h */,
				A0172EAC1E791BC0007A94BC /* RepositoryModel.m */,
				A0FEC5961E6FF10600D90D34 /* UserModel.h */,
				A0FEC5971E6FF10600D90D34 /* UserModel.m */,
				A0FEC5931E6FDEE800D90D34 /* TestObject.h */,
				A0FEC5941E6FDEE800D90D34 /* TestObject.m */,
				A05831FE1E72396E0076E130 /* UIRankDataSource.h */,
				A05831FF1E72396E0076E130 /* UIRankDataSource.m */,
			);
			path = moudles;
			sourceTree = "<group>";
		};
		A0A3DC7B1E6E991000733D95 /* controller */ = {
			isa = PBXGroup;
			children = (
				A07A7EB01E76715900AA893B /* ContryTableViewController.h */,
				A07A7EB11E76715900AA893B /* ContryTableViewController.m */,
				A0A3DC7C1E6E995000733D95 /* MainController.h */,
				A0A3DC7D1E6E995000733D95 /* MainController.m */,
				A0A3DC831E6EDB5200733D95 /* FirstTableViewController.h */,
				A0A3DC841E6EDB5200733D95 /* FirstTableViewController.m */,
				A0172EA21E77B63C007A94BC /* SecondTableViewController.h */,
				A0172EA31E77B63C007A94BC /* SecondTableViewController.m */,
				A07A7EAA1E766E0C00AA893B /* CityViewController.h */,
				A07A7EAB1E766E0C00AA893B /* CityViewController.m */,
				A07A7EAD1E766E1B00AA893B /* LanguageViewController.h */,
				A07A7EAE1E766E1B00AA893B /* LanguageViewController.m */,
				A0172EAE1E7A1A27007A94BC /* ThirdViewController.h */,
				A0172EAF1E7A1A27007A94BC /* ThirdViewController.m */,
				A0172EB11E7A293D007A94BC /* FourthViewController.h */,
				A0172EB21E7A293D007A94BC /* FourthViewController.m */,
				A0172EB41E7A5AFA007A94BC /* RankDetailViewController.h */,
				A0172EB51E7A5AFA007A94BC /* RankDetailViewController.m */,
				A018E8631E80FE9900359796 /* RepositoriesDetailControllerViewController.h */,
				A018E8641E80FE9900359796 /* RepositoriesDetailControllerViewController.m */,
				A018E8691E835E1D00359796 /* TrendingViewController.h */,
				A018E86A1E835E1D00359796 /* TrendingViewController.m */,
				A018E86C1E83AA5000359796 /* BaseRequestViewController.h */,
				A018E86D1E83AA5000359796 /* BaseRequestViewController.m */,
				A018E86F1E83ACCD00359796 /* ShowCaseViewController.h */,
				A018E8701E83ACCD00359796 /* ShowCaseViewController.m */,
				A0BF97981E89F10200365934 /* ShowCaseDetailControllerViewController.h */,
				A0BF97991E89F10200365934 /* ShowCaseDetailControllerViewController.m */,
				A07331B11E8B3D5000031A35 /* SearchViewController.h */,
				A07331B21E8B3D5000031A35 /* SearchViewController.m */,
			);
			path = controller;
			sourceTree = "<group>";
		};
		A0A3DC861E6F8A6C00733D95 /* view */ = {
			isa = PBXGroup;
			children = (
				A0A3DC871E6F8A9000733D95 /* FirstTableViewCell.h */,
				A0A3DC881E6F8A9000733D95 /* FirstTableViewCell.m */,
				A0FEC5AB1E7131FF00D90D34 /* HeaderSegmentControl.h */,
				A0FEC5AC1E7131FF00D90D34 /* HeaderSegmentControl.m */,
				A0172EA51E791355007A94BC /* RepoTableViewCell.h */,
				A0172EA61E791355007A94BC /* RepoTableViewCell.m */,
				A0172EB71E7A7C0A007A94BC /* DetailSegmentControll.h */,
				A0172EB81E7A7C0A007A94BC /* DetailSegmentControll.m */,
				A018E8751E83BAB500359796 /* ShowCaseViewCellTableViewCell.h */,
				A018E8761E83BAB500359796 /* ShowCaseViewCellTableViewCell.m */,
			);
			path = view;
			sourceTree = "<group>";
		};
		A0A3DC8C1E6F8ED700733D95 /* config */ = {
			isa = PBXGroup;
			children = (
				A0A3DC8D1E6F8EEB00733D95 /* public.h */,
			);
			path = config;
			sourceTree = "<group>";
		};
		A0FEC5991E6FF2BF00D90D34 /* mokeykit */ = {
			isa = PBXGroup;
			children = (
				A0800BA01E7AB7070020CB3F /* net */,
				A0FEC59A1E6FF2BF00D90D34 /* Category */,
			);
			path = mokeykit;
			sourceTree = "<group>";
		};
		A0FEC59A1E6FF2BF00D90D34 /* Category */ = {
			isa = PBXGroup;
			children = (
				A0FEC59B1E6FF2BF00D90D34 /* NSObject+HUD.h */,
				A0FEC59C1E6FF2BF00D90D34 /* NSObject+HUD.m */,
				A0FEC59D1E6FF2BF00D90D34 /* NSObject+JudgeNull.h */,
				A0FEC59E1E6FF2BF00D90D34 /* NSObject+JudgeNull.m */,
			);
			path = Category;
			sourceTree = "<group>";
		};
		A0FEC5A11E70DFE000D90D34 /* vendor */ = {
			isa = PBXGroup;
			children = (
				A0FEC5A21E70DFE000D90D34 /* YiRefresh */,
			);
			path = vendor;
			sourceTree = "<group>";
		};
		A0FEC5A21E70DFE000D90D34 /* YiRefresh */ = {
			isa = PBXGroup;
			children = (
				A0FEC5A31E70DFE000D90D34 /* down@2x.png */,
				A0FEC5A41E70DFE000D90D34 /* YiRefreshFooter.h */,
				A0FEC5A51E70DFE000D90D34 /* YiRefreshFooter.m */,
				A0FEC5A61E70DFE000D90D34 /* YiRefreshHeader.h */,
				A0FEC5A71E70DFE000D90D34 /* YiRefreshHeader.m */,
			);
			path = YiRefresh;
			sourceTree = "<group>";
		};
		DD8ECFF927F65DD899CBF346 /* Frameworks */ = {
			isa = PBXGroup;
			children = (
				C195B7A651B626E39AD8FD6B /* libPods-CopyLikeMonkey.a */,
			);
			name = Frameworks;
			sourceTree = "<group>";
		};
/* End PBXGroup section */

/* Begin PBXNativeTarget section */
		A0A3DC521E6E8EF900733D95 /* CopyLikeMonkey */ = {
			isa = PBXNativeTarget;
			buildConfigurationList = A0A3DC6D1E6E8EF900733D95 /* Build configuration list for PBXNativeTarget "CopyLikeMonkey" */;
			buildPhases = (
				20CE72C8FDDA1499113EF5D1 /* [CP] Check Pods Manifest.lock */,
				A0A3DC4F1E6E8EF900733D95 /* Sources */,
				A0A3DC501E6E8EF900733D95 /* Frameworks */,
				A0A3DC511E6E8EF900733D95 /* Resources */,
				D6560F55247894374744A389 /* [CP] Embed Pods Frameworks */,
				83EE4F8D3F6A2C98F45F4606 /* [CP] Copy Pods Resources */,
			);
			buildRules = (
			);
			dependencies = (
			);
			name = CopyLikeMonkey;
			productName = CopyLikeMonkey;
			productReference = A0A3DC531E6E8EF900733D95 /* CopyLikeMonkey.app */;
			productType = "com.apple.product-type.application";
		};
/* End PBXNativeTarget section */

/* Begin PBXProject section */
		A0A3DC4B1E6E8EF900733D95 /* Project object */ = {
			isa = PBXProject;
			attributes = {
				LastUpgradeCheck = 0820;
				ORGANIZATIONNAME = "阎翼";
				TargetAttributes = {
					A0A3DC521E6E8EF900733D95 = {
						CreatedOnToolsVersion = 8.2.1;
						DevelopmentTeam = 96W3CPVG99;
						ProvisioningStyle = Automatic;
					};
				};
			};
			buildConfigurationList = A0A3DC4E1E6E8EF900733D95 /* Build configuration list for PBXProject "CopyLikeMonkey" */;
			compatibilityVersion = "Xcode 3.2";
			developmentRegion = English;
			hasScannedForEncodings = 0;
			knownRegions = (
				en,
				Base,
			);
			mainGroup = A0A3DC4A1E6E8EF900733D95;
			productRefGroup = A0A3DC541E6E8EF900733D95 /* Products */;
			projectDirPath = "";
			projectRoot = "";
			targets = (
				A0A3DC521E6E8EF900733D95 /* CopyLikeMonkey */,
			);
		};
/* End PBXProject section */

/* Begin PBXResourcesBuildPhase section */
		A0A3DC511E6E8EF900733D95 /* Resources */ = {
			isa = PBXResourcesBuildPhase;
			buildActionMask = 2147483647;
			files = (
				A0FEC5A81E70DFE000D90D34 /* down@2x.png in Resources */,
				A0A3DC691E6E8EF900733D95 /* LaunchScreen.storyboard in Resources */,
				A0A3DC661E6E8EF900733D95 /* Assets.xcassets in Resources */,
				A0A3DC611E6E8EF900733D95 /* Main.storyboard in Resources */,
			);
			runOnlyForDeploymentPostprocessing = 0;
		};
/* End PBXResourcesBuildPhase section */

/* Begin PBXShellScriptBuildPhase section */
		20CE72C8FDDA1499113EF5D1 /* [CP] Check Pods Manifest.lock */ = {
			isa = PBXShellScriptBuildPhase;
			buildActionMask = 2147483647;
			files = (
			);
			inputPaths = (
			);
			name = "[CP] Check Pods Manifest.lock";
			outputPaths = (
			);
			runOnlyForDeploymentPostprocessing = 0;
			shellPath = /bin/sh;
			shellScript = "diff \"${PODS_ROOT}/../Podfile.lock\" \"${PODS_ROOT}/Manifest.lock\" > /dev/null\nif [ $? != 0 ] ; then\n    # print error to STDERR\n    echo \"error: The sandbox is not in sync with the Podfile.lock. Run 'pod install' or update your CocoaPods installation.\" >&2\n    exit 1\nfi\n";
			showEnvVarsInLog = 0;
		};
		83EE4F8D3F6A2C98F45F4606 /* [CP] Copy Pods Resources */ = {
			isa = PBXShellScriptBuildPhase;
			buildActionMask = 2147483647;
			files = (
			);
			inputPaths = (
			);
			name = "[CP] Copy Pods Resources";
			outputPaths = (
			);
			runOnlyForDeploymentPostprocessing = 0;
			shellPath = /bin/sh;
			shellScript = "\"${SRCROOT}/Pods/Target Support Files/Pods-CopyLikeMonkey/Pods-CopyLikeMonkey-resources.sh\"\n";
			showEnvVarsInLog = 0;
		};
		D6560F55247894374744A389 /* [CP] Embed Pods Frameworks */ = {
			isa = PBXShellScriptBuildPhase;
			buildActionMask = 2147483647;
			files = (
			);
			inputPaths = (
			);
			name = "[CP] Embed Pods Frameworks";
			outputPaths = (
			);
			runOnlyForDeploymentPostprocessing = 0;
			shellPath = /bin/sh;
			shellScript = "\"${SRCROOT}/Pods/Target Support Files/Pods-CopyLikeMonkey/Pods-CopyLikeMonkey-frameworks.sh\"\n";
			showEnvVarsInLog = 0;
		};
/* End PBXShellScriptBuildPhase section */

/* Begin PBXSourcesBuildPhase section */
		A0A3DC4F1E6E8EF900733D95 /* Sources */ = {
			isa = PBXSourcesBuildPhase;
			buildActionMask = 2147483647;
			files = (
				A0BF979A1E89F10200365934 /* ShowCaseDetailControllerViewController.m in Sources */,
				A0172EB31E7A293D007A94BC /* FourthViewController.m in Sources */,
				A0A3DC851E6EDB5200733D95 /* FirstTableViewController.m in Sources */,
				A018E8681E811BFA00359796 /* HttpHandler.m in Sources */,
				A0FEC5951E6FDEE800D90D34 /* TestObject.m in Sources */,
				A018E8711E83ACCD00359796 /* ShowCaseViewController.m in Sources */,
				A0172EB01E7A1A27007A94BC /* ThirdViewController.m in Sources */,
				A018E8651E80FE9900359796 /* RepositoriesDetailControllerViewController.m in Sources */,
				A05832001E72396E0076E130 /* UIRankDataSource.m in Sources */,
				A0A3DC5E1E6E8EF900733D95 /* ViewController.m in Sources */,
				A0172EA71E791355007A94BC /* RepoTableViewCell.m in Sources */,
				A0FEC59F1E6FF2BF00D90D34 /* NSObject+HUD.m in Sources */,
				A0FEC5A01E6FF2BF00D90D34 /* NSObject+JudgeNull.m in Sources */,
				A018E8741E83AFC300359796 /* ShowcasesModel.m in Sources */,
				A0FEC5A91E70DFE000D90D34 /* YiRefreshFooter.m in Sources */,
				A0FEC5AA1E70DFE000D90D34 /* YiRefreshHeader.m in Sources */,
				A0A3DC891E6F8A9000733D95 /* FirstTableViewCell.m in Sources */,
				A0172EA41E77B63C007A94BC /* SecondTableViewController.m in Sources */,
				A0172EAD1E791BC0007A94BC /* RepositoryModel.m in Sources */,
				A018E86B1E835E1D00359796 /* TrendingViewController.m in Sources */,
				A0A3DC5B1E6E8EF900733D95 /* AppDelegate.m in Sources */,
				A018E8771E83BAB500359796 /* ShowCaseViewCellTableViewCell.m in Sources */,
				A07A7EAC1E766E0C00AA893B /* CityViewController.m in Sources */,
				A018E86E1E83AA5000359796 /* BaseRequestViewController.m in Sources */,
				A0800BA31E7AB7170020CB3F /* HttpKit.m in Sources */,
				A0172EB61E7A5AFA007A94BC /* RankDetailViewController.m in Sources */,
				A0A3DC641E6E8EF900733D95 /* CopyLikeMonkey.xcdatamodeld in Sources */,
				A07331B31E8B3D5000031A35 /* SearchViewController.m in Sources */,
				A0FEC5981E6FF10600D90D34 /* UserModel.m in Sources */,
				A0A3DC7E1E6E995000733D95 /* MainController.m in Sources */,
				A07A7EB21E76715900AA893B /* ContryTableViewController.m in Sources */,
				A0172EB91E7A7C0A007A94BC /* DetailSegmentControll.m in Sources */,
				A0FEC5AD1E71320000D90D34 /* HeaderSegmentControl.m in Sources */,
				A07A7EAF1E766E1B00AA893B /* LanguageViewController.m in Sources */,
				A0A3DC581E6E8EF900733D95 /* main.m in Sources */,
			);
			runOnlyForDeploymentPostprocessing = 0;
		};
/* End PBXSourcesBuildPhase section */

/* Begin PBXVariantGroup section */
		A0A3DC5F1E6E8EF900733D95 /* Main.storyboard */ = {
			isa = PBXVariantGroup;
			children = (
				A0A3DC601E6E8EF900733D95 /* Base */,
			);
			name = Main.storyboard;
			sourceTree = "<group>";
		};
		A0A3DC671E6E8EF900733D95 /* LaunchScreen.storyboard */ = {
			isa = PBXVariantGroup;
			children = (
				A0A3DC681E6E8EF900733D95 /* Base */,
			);
			name = LaunchScreen.storyboard;
			sourceTree = "<group>";
		};
/* End PBXVariantGroup section */

/* Begin XCBuildConfiguration section */
		A0A3DC6B1E6E8EF900733D95 /* Debug */ = {
			isa = XCBuildConfiguration;
			buildSettings = {
				ALWAYS_SEARCH_USER_PATHS = NO;
				CLANG_ANALYZER_NONNULL = YES;
				CLANG_CXX_LANGUAGE_STANDARD = "gnu++0x";
				CLANG_CXX_LIBRARY = "libc++";
				CLANG_ENABLE_MODULES = YES;
				CLANG_ENABLE_OBJC_ARC = YES;
				CLANG_WARN_BOOL_CONVERSION = YES;
				CLANG_WARN_CONSTANT_CONVERSION = YES;
				CLANG_WARN_DIRECT_OBJC_ISA_USAGE = YES_ERROR;
				CLANG_WARN_DOCUMENTATION_COMMENTS = YES;
				CLANG_WARN_EMPTY_BODY = YES;
				CLANG_WARN_ENUM_CONVERSION = YES;
				CLANG_WARN_INFINITE_RECURSION = YES;
				CLANG_WARN_INT_CONVERSION = YES;
				CLANG_WARN_OBJC_ROOT_CLASS = YES_ERROR;
				CLANG_WARN_SUSPICIOUS_MOVE = YES;
				CLANG_WARN_UNREACHABLE_CODE = YES;
				CLANG_WARN__DUPLICATE_METHOD_MATCH = YES;
				"CODE_SIGN_IDENTITY[sdk=iphoneos*]" = "iPhone Developer";
				COPY_PHASE_STRIP = NO;
				DEBUG_INFORMATION_FORMAT = dwarf;
				ENABLE_STRICT_OBJC_MSGSEND = YES;
				ENABLE_TESTABILITY = YES;
				GCC_C_LANGUAGE_STANDARD = gnu99;
				GCC_DYNAMIC_NO_PIC = NO;
				GCC_NO_COMMON_BLOCKS = YES;
				GCC_OPTIMIZATION_LEVEL = 0;
				GCC_PRECOMPILE_PREFIX_HEADER = YES;
				GCC_PREFIX_HEADER = "$(SRCROOT)/CopyLikeMonkey/PrefixHeader.pch";
				GCC_PREPROCESSOR_DEFINITIONS = (
					"DEBUG=1",
					"$(inherited)",
				);
				GCC_WARN_64_TO_32_BIT_CONVERSION = YES;
				GCC_WARN_ABOUT_RETURN_TYPE = YES_ERROR;
				GCC_WARN_UNDECLARED_SELECTOR = YES;
				GCC_WARN_UNINITIALIZED_AUTOS = YES_AGGRESSIVE;
				GCC_WARN_UNUSED_FUNCTION = YES;
				GCC_WARN_UNUSED_VARIABLE = YES;
				IPHONEOS_DEPLOYMENT_TARGET = 10.2;
				MTL_ENABLE_DEBUG_INFO = YES;
				ONLY_ACTIVE_ARCH = YES;
				SDKROOT = iphoneos;
			};
			name = Debug;
		};
		A0A3DC6C1E6E8EF900733D95 /* Release */ = {
			isa = XCBuildConfiguration;
			buildSettings = {
				ALWAYS_SEARCH_USER_PATHS = NO;
				CLANG_ANALYZER_NONNULL = YES;
				CLANG_CXX_LANGUAGE_STANDARD = "gnu++0x";
				CLANG_CXX_LIBRARY = "libc++";
				CLANG_ENABLE_MODULES = YES;
				CLANG_ENABLE_OBJC_ARC = YES;
				CLANG_WARN_BOOL_CONVERSION = YES;
				CLANG_WARN_CONSTANT_CONVERSION = YES;
				CLANG_WARN_DIRECT_OBJC_ISA_USAGE = YES_ERROR;
				CLANG_WARN_DOCUMENTATION_COMMENTS = YES;
				CLANG_WARN_EMPTY_BODY = YES;
				CLANG_WARN_ENUM_CONVERSION = YES;
				CLANG_WARN_INFINITE_RECURSION = YES;
				CLANG_WARN_INT_CONVERSION = YES;
				CLANG_WARN_OBJC_ROOT_CLASS = YES_ERROR;
				CLANG_WARN_SUSPICIOUS_MOVE = YES;
				CLANG_WARN_UNREACHABLE_CODE = YES;
				CLANG_WARN__DUPLICATE_METHOD_MATCH = YES;
				"CODE_SIGN_IDENTITY[sdk=iphoneos*]" = "iPhone Developer";
				COPY_PHASE_STRIP = NO;
				DEBUG_INFORMATION_FORMAT = "dwarf-with-dsym";
				ENABLE_NS_ASSERTIONS = NO;
				ENABLE_STRICT_OBJC_MSGSEND = YES;
				GCC_C_LANGUAGE_STANDARD = gnu99;
				GCC_NO_COMMON_BLOCKS = YES;
				GCC_PRECOMPILE_PREFIX_HEADER = YES;
				GCC_PREFIX_HEADER = "$(SRCROOT)/CopyLikeMonkey/PrefixHeader.pch";
				GCC_WARN_64_TO_32_BIT_CONVERSION = YES;
				GCC_WARN_ABOUT_RETURN_TYPE = YES_ERROR;
				GCC_WARN_UNDECLARED_SELECTOR = YES;
				GCC_WARN_UNINITIALIZED_AUTOS = YES_AGGRESSIVE;
				GCC_WARN_UNUSED_FUNCTION = YES;
				GCC_WARN_UNUSED_VARIABLE = YES;
				IPHONEOS_DEPLOYMENT_TARGET = 10.2;
				MTL_ENABLE_DEBUG_INFO = NO;
				SDKROOT = iphoneos;
				VALIDATE_PRODUCT = YES;
			};
			name = Release;
		};
		A0A3DC6E1E6E8EF900733D95 /* Debug */ = {
			isa = XCBuildConfiguration;
			baseConfigurationReference = 4D560BD65BB81934912069EF /* Pods-CopyLikeMonkey.debug.xcconfig */;
			buildSettings = {
				ASSETCATALOG_COMPILER_APPICON_NAME = AppIcon;
				DEVELOPMENT_TEAM = 96W3CPVG99;
				INFOPLIST_FILE = CopyLikeMonkey/Info.plist;
				IPHONEOS_DEPLOYMENT_TARGET = 10.2;
				LD_RUNPATH_SEARCH_PATHS = "$(inherited) @executable_path/Frameworks";
				PRODUCT_BUNDLE_IDENTIFIER = com.yanyi.CopyLikeMonkey;
				PRODUCT_NAME = "$(TARGET_NAME)";
			};
			name = Debug;
		};
		A0A3DC6F1E6E8EF900733D95 /* Release */ = {
			isa = XCBuildConfiguration;
			baseConfigurationReference = 64EFD80F85AFCDF5D5D37FB2 /* Pods-CopyLikeMonkey.release.xcconfig */;
			buildSettings = {
				ASSETCATALOG_COMPILER_APPICON_NAME = AppIcon;
				DEVELOPMENT_TEAM = 96W3CPVG99;
				INFOPLIST_FILE = CopyLikeMonkey/Info.plist;
				IPHONEOS_DEPLOYMENT_TARGET = 10.2;
				LD_RUNPATH_SEARCH_PATHS = "$(inherited) @executable_path/Frameworks";
				PRODUCT_BUNDLE_IDENTIFIER = com.yanyi.CopyLikeMonkey;
				PRODUCT_NAME = "$(TARGET_NAME)";
			};
			name = Release;
		};
/* End XCBuildConfiguration section */

/* Begin XCConfigurationList section */
		A0A3DC4E1E6E8EF900733D95 /* Build configuration list for PBXProject "CopyLikeMonkey" */ = {
			isa = XCConfigurationList;
			buildConfigurations = (
				A0A3DC6B1E6E8EF900733D95 /* Debug */,
				A0A3DC6C1E6E8EF900733D95 /* Release */,
			);
			defaultConfigurationIsVisible = 0;
			defaultConfigurationName = Release;
		};
		A0A3DC6D1E6E8EF900733D95 /* Build configuration list for PBXNativeTarget "CopyLikeMonkey" */ = {
			isa = XCConfigurationList;
			buildConfigurations = (
				A0A3DC6E1E6E8EF900733D95 /* Debug */,
				A0A3DC6F1E6E8EF900733D95 /* Release */,
			);
			defaultConfigurationIsVisible = 0;
			defaultConfigurationName = Release;
		};
/* End XCConfigurationList section */

/* Begin XCVersionGroup section */
		A0A3DC621E6E8EF900733D95 /* CopyLikeMonkey.xcdatamodeld */ = {
			isa = XCVersionGroup;
			children = (
				A0A3DC631E6E8EF900733D95 /* CopyLikeMonkey.xcdatamodel */,
			);
			currentVersion = A0A3DC631E6E8EF900733D95 /* CopyLikeMonkey.xcdatamodel */;
			path = CopyLikeMonkey.xcdatamodeld;
			sourceTree = "<group>";
			versionGroupType = wrapper.xcdatamodel;
		};
/* End XCVersionGroup section */
	};
	rootObject = A0A3DC4B1E6E8EF900733D95 /* Project object */;
}
